
Microsoft Visual Studio Solution File, Format Version 12.00
# Visual Studio Version 16
VisualStudioVersion = 16.0.29403.142
MinimumVisualStudioVersion = 10.0.40219.1
Project("{FAE04EC0-301F-11D3-BF4B-00C04F79EFBC}") = "WindowsFormsApp1", "WindowsFormsApp1\WindowsFormsApp1.csproj", "{8F66AC63-95E8-474D-B354-577122202258}"
EndProject
Global
	GlobalSection(SolutionConfigurationPlatforms) = preSolution
		Debug|Any CPU = Debug|Any CPU
		Release|Any CPU = Release|Any CPU
	EndGlobalSection
	GlobalSection(ProjectConfigurationPlatforms) = postSolution
		{8F66AC63-95E8-474D-B354-577122202258}.Debug|Any CPU.ActiveCfg = Debug|Any CPU
		{8F66AC63-95E8-474D-B354-577122202258}.Debug|Any CPU.Build.0 = Debug|Any CPU
		{8F66AC63-95E8-474D-B354-577122202258}.Release|Any CPU.ActiveCfg = Release|Any CPU
		{8F66AC63-95E8-474D-B354-577122202258}.Release|Any CPU.Build.0 = Release|Any CPU
	EndGlobalSection
	GlobalSection(SolutionProperties) = preSolution
		HideSolutionNode = FALSE
	EndGlobalSection
	GlobalSection(ExtensibilityGlobals) = postSolution
		SolutionGuid = {874D833E-3F58-4AFE-B491-D6F406B17816}
	EndGlobalSection
EndGlobal
